// !$*UTF8*$!
{
	archiveVersion = 1;
	classes = {
	};
	objectVersion = 46;
	objects = {

/* Begin PBXBuildFile section */
		D557A87E1805D48300EC6657 /* park_2048.png in Resources */ = {isa = PBXBuildFile; fileRef = D557A87D1805D48300EC6657 /* park_2048.png */; };
		D557A8891805FC6B00EC6657 /* 144.png in Resources */ = {isa = PBXBuildFile; fileRef = D557A8811805FC6B00EC6657 /* 144.png */; };
		D557A88A1805FC6B00EC6657 /* 120.png in Resources */ = {isa = PBXBuildFile; fileRef = D557A8821805FC6B00EC6657 /* 120.png */; };
		D557A88B1805FC6B00EC6657 /* 72.png in Resources */ = {isa = PBXBuildFile; fileRef = D557A8831805FC6B00EC6657 /* 72.png */; };
		D557A88C1805FC6B00EC6657 /* 114.png in Resources */ = {isa = PBXBuildFile; fileRef = D557A8841805FC6B00EC6657 /* 114.png */; };
		D557A88D1805FC6B00EC6657 /* 76.png in Resources */ = {isa = PBXBuildFile; fileRef = D557A8851805FC6B00EC6657 /* 76.png */; };
		D557A88E1805FC6B00EC6657 /* 152.png in Resources */ = {isa = PBXBuildFile; fileRef = D557A8861805FC6B00EC6657 /* 152.png */; };
		D557A88F1805FC6B00EC6657 /* 57.png in Resources */ = {isa = PBXBuildFile; fileRef = D557A8871805FC6B00EC6657 /* 57.png */; };
		D557A8901805FC6B00EC6657 /* 60.png in Resources */ = {isa = PBXBuildFile; fileRef = D557A8881805FC6B00EC6657 /* 60.png */; };
		D5FAE07917C8956600AE6EC9 /* Foundation.framework in Frameworks */ = {isa = PBXBuildFile; fileRef = D5FAE07817C8956600AE6EC9 /* Foundation.framework */; };
		D5FAE07B17C8956600AE6EC9 /* CoreGraphics.framework in Frameworks */ = {isa = PBXBuildFile; fileRef = D5FAE07A17C8956600AE6EC9 /* CoreGraphics.framework */; };
		D5FAE07D17C8956600AE6EC9 /* UIKit.framework in Frameworks */ = {isa = PBXBuildFile; fileRef = D5FAE07C17C8956600AE6EC9 /* UIKit.framework */; };
		D5FAE08317C8956600AE6EC9 /* InfoPlist.strings in Resources */ = {isa = PBXBuildFile; fileRef = D5FAE08117C8956600AE6EC9 /* InfoPlist.strings */; };
		D5FAE08517C8956600AE6EC9 /* main.m in Sources */ = {isa = PBXBuildFile; fileRef = D5FAE08417C8956600AE6EC9 /* main.m */; };
		D5FAE08917C8956600AE6EC9 /* AppDelegate.m in Sources */ = {isa = PBXBuildFile; fileRef = D5FAE08817C8956600AE6EC9 /* AppDelegate.m */; };
		D5FAE08C17C8956600AE6EC9 /* Main_iPhone.storyboard in Resources */ = {isa = PBXBuildFile; fileRef = D5FAE08A17C8956600AE6EC9 /* Main_iPhone.storyboard */; };
		D5FAE08F17C8956600AE6EC9 /* Main_iPad.storyboard in Resources */ = {isa = PBXBuildFile; fileRef = D5FAE08D17C8956600AE6EC9 /* Main_iPad.storyboard */; };
		D5FAE09217C8956600AE6EC9 /* ViewController.m in Sources */ = {isa = PBXBuildFile; fileRef = D5FAE09117C8956600AE6EC9 /* ViewController.m */; };
		D5FAE09B17C8956600AE6EC9 /* XCTest.framework in Frameworks */ = {isa = PBXBuildFile; fileRef = D5FAE09A17C8956600AE6EC9 /* XCTest.framework */; };
		D5FAE09C17C8956600AE6EC9 /* Foundation.framework in Frameworks */ = {isa = PBXBuildFile; fileRef = D5FAE07817C8956600AE6EC9 /* Foundation.framework */; };
		D5FAE09D17C8956600AE6EC9 /* UIKit.framework in Frameworks */ = {isa = PBXBuildFile; fileRef = D5FAE07C17C8956600AE6EC9 /* UIKit.framework */; };
		D5FAE0A517C8956600AE6EC9 /* InfoPlist.strings in Resources */ = {isa = PBXBuildFile; fileRef = D5FAE0A317C8956600AE6EC9 /* InfoPlist.strings */; };
		D5FAE0A717C8956600AE6EC9 /* _60_PanoramaTests.m in Sources */ = {isa = PBXBuildFile; fileRef = D5FAE0A617C8956600AE6EC9 /* _60_PanoramaTests.m */; };
		D5FAE0B117C895AB00AE6EC9 /* CoreMotion.framework in Frameworks */ = {isa = PBXBuildFile; fileRef = D5FAE0B017C895AB00AE6EC9 /* CoreMotion.framework */; };
		D5FAE0B317C895B200AE6EC9 /* GLKit.framework in Frameworks */ = {isa = PBXBuildFile; fileRef = D5FAE0B217C895B200AE6EC9 /* GLKit.framework */; };
		D5FAE0B517C895BE00AE6EC9 /* OpenGLES.framework in Frameworks */ = {isa = PBXBuildFile; fileRef = D5FAE0B417C895BE00AE6EC9 /* OpenGLES.framework */; };
		D5FAE0B817C8962500AE6EC9 /* gluLookAt.m in Sources */ = {isa = PBXBuildFile; fileRef = D5FAE0B717C8962500AE6EC9 /* gluLookAt.m */; };
		D5FAE0BB17C8963200AE6EC9 /* PanoramaView.m in Sources */ = {isa = PBXBuildFile; fileRef = D5FAE0BA17C8963200AE6EC9 /* PanoramaView.m */; };
		D5FAE0BE17C8963D00AE6EC9 /* Sphere.m in Sources */ = {isa = PBXBuildFile; fileRef = D5FAE0BD17C8963D00AE6EC9 /* Sphere.m */; };
		D5FAE0CA17C8970200AE6EC9 /* park_4096.jpg in Resources */ = {isa = PBXBuildFile; fileRef = D5FAE0C317C8970200AE6EC9 /* park_4096.jpg */; };
/* End PBXBuildFile section */

/* Begin PBXContainerItemProxy section */
		D5FAE09E17C8956600AE6EC9 /* PBXContainerItemProxy */ = {
			isa = PBXContainerItemProxy;
			containerPortal = D5FAE06D17C8956600AE6EC9 /* Project object */;
			proxyType = 1;
			remoteGlobalIDString = D5FAE07417C8956600AE6EC9;
			remoteInfo = "360 Panorama";
		};
/* End PBXContainerItemProxy section */

/* Begin PBXFileReference section */
		D557A87D1805D48300EC6657 /* park_2048.png */ = {isa = PBXFileReference; lastKnownFileType = image.png; path = park_2048.png; sourceTree = "<group>"; };
		D557A8811805FC6B00EC6657 /* 144.png */ = {isa = PBXFileReference; lastKnownFileType = image.png; path = 144.png; sourceTree = "<group>"; };
		D557A8821805FC6B00EC6657 /* 120.png */ = {isa = PBXFileReference; lastKnownFileType = image.png; path = 120.png; sourceTree = "<group>"; };
		D557A8831805FC6B00EC6657 /* 72.png */ = {isa = PBXFileReference; lastKnownFileType = image.png; path = 72.png; sourceTree = "<group>"; };
		D557A8841805FC6B00EC6657 /* 114.png */ = {isa = PBXFileReference; lastKnownFileType = image.png; path = 114.png; sourceTree = "<group>"; };
		D557A8851805FC6B00EC6657 /* 76.png */ = {isa = PBXFileReference; lastKnownFileType = image.png; path = 76.png; sourceTree = "<group>"; };
		D557A8861805FC6B00EC6657 /* 152.png */ = {isa = PBXFileReference; lastKnownFileType = image.png; path = 152.png; sourceTree = "<group>"; };
		D557A8871805FC6B00EC6657 /* 57.png */ = {isa = PBXFileReference; lastKnownFileType = image.png; path = 57.png; sourceTree = "<group>"; };
		D557A8881805FC6B00EC6657 /* 60.png */ = {isa = PBXFileReference; lastKnownFileType = image.png; path = 60.png; sourceTree = "<group>"; };
		D5FAE07517C8956600AE6EC9 /* 360 Panorama.app */ = {isa = PBXFileReference; explicitFileType = wrapper.application; includeInIndex = 0; path = "360 Panorama.app"; sourceTree = BUILT_PRODUCTS_DIR; };
		D5FAE07817C8956600AE6EC9 /* Foundation.framework */ = {isa = PBXFileReference; lastKnownFileType = wrapper.framework; name = Foundation.framework; path = System/Library/Frameworks/Foundation.framework; sourceTree = SDKROOT; };
		D5FAE07A17C8956600AE6EC9 /* CoreGraphics.framework */ = {isa = PBXFileReference; lastKnownFileType = wrapper.framework; name = CoreGraphics.framework; path = System/Library/Frameworks/CoreGraphics.framework; sourceTree = SDKROOT; };
		D5FAE07C17C8956600AE6EC9 /* UIKit.framework */ = {isa = PBXFileReference; lastKnownFileType = wrapper.framework; name = UIKit.framework; path = System/Library/Frameworks/UIKit.framework; sourceTree = SDKROOT; };
		D5FAE08017C8956600AE6EC9 /* 360 Panorama-Info.plist */ = {isa = PBXFileReference; lastKnownFileType = text.plist.xml; path = "360 Panorama-Info.plist"; sourceTree = "<group>"; };
		D5FAE08217C8956600AE6EC9 /* en */ = {isa = PBXFileReference; lastKnownFileType = text.plist.strings; name = en; path = en.lproj/InfoPlist.strings; sourceTree = "<group>"; };
		D5FAE08417C8956600AE6EC9 /* main.m */ = {isa = PBXFileReference; lastKnownFileType = sourcecode.c.objc; path = main.m; sourceTree = "<group>"; };
		D5FAE08617C8956600AE6EC9 /* 360 Panorama-Prefix.pch */ = {isa = PBXFileReference; lastKnownFileType = sourcecode.c.h; path = "360 Panorama-Prefix.pch"; sourceTree = "<group>"; };
		D5FAE08717C8956600AE6EC9 /* AppDelegate.h */ = {isa = PBXFileReference; lastKnownFileType = sourcecode.c.h; path = AppDelegate.h; sourceTree = "<group>"; };
		D5FAE08817C8956600AE6EC9 /* AppDelegate.m */ = {isa = PBXFileReference; lastKnownFileType = sourcecode.c.objc; path = AppDelegate.m; sourceTree = "<group>"; };
		D5FAE08B17C8956600AE6EC9 /* Base */ = {isa = PBXFileReference; lastKnownFileType = file.storyboard; name = Base; path = Base.lproj/Main_iPhone.storyboard; sourceTree = "<group>"; };
		D5FAE08E17C8956600AE6EC9 /* Base */ = {isa = PBXFileReference; lastKnownFileType = file.storyboard; name = Base; path = Base.lproj/Main_iPad.storyboard; sourceTree = "<group>"; };
		D5FAE09017C8956600AE6EC9 /* ViewController.h */ = {isa = PBXFileReference; lastKnownFileType = sourcecode.c.h; path = ViewController.h; sourceTree = "<group>"; };
		D5FAE09117C8956600AE6EC9 /* ViewController.m */ = {isa = PBXFileReference; lastKnownFileType = sourcecode.c.objc; path = ViewController.m; sourceTree = "<group>"; };
		D5FAE09917C8956600AE6EC9 /* 360 PanoramaTests.xctest */ = {isa = PBXFileReference; explicitFileType = wrapper.cfbundle; includeInIndex = 0; path = "360 PanoramaTests.xctest"; sourceTree = BUILT_PRODUCTS_DIR; };
		D5FAE09A17C8956600AE6EC9 /* XCTest.framework */ = {isa = PBXFileReference; lastKnownFileType = wrapper.framework; name = XCTest.framework; path = Library/Frameworks/XCTest.framework; sourceTree = DEVELOPER_DIR; };
		D5FAE0A217C8956600AE6EC9 /* 360 PanoramaTests-Info.plist */ = {isa = PBXFileReference; lastKnownFileType = text.plist.xml; path = "360 PanoramaTests-Info.plist"; sourceTree = "<group>"; };
		D5FAE0A417C8956600AE6EC9 /* en */ = {isa = PBXFileReference; lastKnownFileType = text.plist.strings; name = en; path = en.lproj/InfoPlist.strings; sourceTree = "<group>"; };
		D5FAE0A617C8956600AE6EC9 /* _60_PanoramaTests.m */ = {isa = PBXFileReference; lastKnownFileType = sourcecode.c.objc; path = _60_PanoramaTests.m; sourceTree = "<group>"; };
		D5FAE0B017C895AB00AE6EC9 /* CoreMotion.framework */ = {isa = PBXFileReference; lastKnownFileType = wrapper.framework; name = CoreMotion.framework; path = System/Library/Frameworks/CoreMotion.framework; sourceTree = SDKROOT; };
		D5FAE0B217C895B200AE6EC9 /* GLKit.framework */ = {isa = PBXFileReference; lastKnownFileType = wrapper.framework; name = GLKit.framework; path = System/Library/Frameworks/GLKit.framework; sourceTree = SDKROOT; };
		D5FAE0B417C895BE00AE6EC9 /* OpenGLES.framework */ = {isa = PBXFileReference; lastKnownFileType = wrapper.framework; name = OpenGLES.framework; path = System/Library/Frameworks/OpenGLES.framework; sourceTree = SDKROOT; };
		D5FAE0B617C8962500AE6EC9 /* gluLookAt.h */ = {isa = PBXFileReference; fileEncoding = 4; lastKnownFileType = sourcecode.c.h; name = gluLookAt.h; path = "360 Panorama/gluLookAt.h"; sourceTree = "<group>"; };
		D5FAE0B717C8962500AE6EC9 /* gluLookAt.m */ = {isa = PBXFileReference; fileEncoding = 4; lastKnownFileType = sourcecode.c.objc; name = gluLookAt.m; path = "360 Panorama/gluLookAt.m"; sourceTree = "<group>"; };
		D5FAE0B917C8963200AE6EC9 /* PanoramaView.h */ = {isa = PBXFileReference; fileEncoding = 4; lastKnownFileType = sourcecode.c.h; path = PanoramaView.h; sourceTree = "<group>"; };
		D5FAE0BA17C8963200AE6EC9 /* PanoramaView.m */ = {isa = PBXFileReference; fileEncoding = 4; lastKnownFileType = sourcecode.c.objc; path = PanoramaView.m; sourceTree = "<group>"; };
		D5FAE0BC17C8963D00AE6EC9 /* Sphere.h */ = {isa = PBXFileReference; fileEncoding = 4; lastKnownFileType = sourcecode.c.h; path = Sphere.h; sourceTree = "<group>"; };
		D5FAE0BD17C8963D00AE6EC9 /* Sphere.m */ = {isa = PBXFileReference; fileEncoding = 4; lastKnownFileType = sourcecode.c.objc; path = Sphere.m; sourceTree = "<group>"; };
		D5FAE0C317C8970200AE6EC9 /* park_4096.jpg */ = {isa = PBXFileReference; lastKnownFileType = image.jpeg; path = park_4096.jpg; sourceTree = "<group>"; };
/* End PBXFileReference section */

/* Begin PBXFrameworksBuildPhase section */
		D5FAE07217C8956600AE6EC9 /* Frameworks */ = {
			isa = PBXFrameworksBuildPhase;
			buildActionMask = 2147483647;
			files = (
				D5FAE0B517C895BE00AE6EC9 /* OpenGLES.framework in Frameworks */,
				D5FAE0B317C895B200AE6EC9 /* GLKit.framework in Frameworks */,
				D5FAE0B117C895AB00AE6EC9 /* CoreMotion.framework in Frameworks */,
				D5FAE07B17C8956600AE6EC9 /* CoreGraphics.framework in Frameworks */,
				D5FAE07D17C8956600AE6EC9 /* UIKit.framework in Frameworks */,
				D5FAE07917C8956600AE6EC9 /* Foundation.framework in Frameworks */,
			);
			runOnlyForDeploymentPostprocessing = 0;
		};
		D5FAE09617C8956600AE6EC9 /* Frameworks */ = {
			isa = PBXFrameworksBuildPhase;
			buildActionMask = 2147483647;
			files = (
				D5FAE09B17C8956600AE6EC9 /* XCTest.framework in Frameworks */,
				D5FAE09D17C8956600AE6EC9 /* UIKit.framework in Frameworks */,
				D5FAE09C17C8956600AE6EC9 /* Foundation.framework in Frameworks */,
			);
			runOnlyForDeploymentPostprocessing = 0;
		};
/* End PBXFrameworksBuildPhase section */

/* Begin PBXGroup section */
		D51D4B0A17CCB23D008EC9B4 /* images */ = {
			isa = PBXGroup;
			children = (
				D557A87D1805D48300EC6657 /* park_2048.png */,
				D5FAE0C317C8970200AE6EC9 /* park_4096.jpg */,
			);
			name = images;
			sourceTree = "<group>";
		};
		D557A8911805FC6F00EC6657 /* icons */ = {
			isa = PBXGroup;
			children = (
				D557A8811805FC6B00EC6657 /* 144.png */,
				D557A8821805FC6B00EC6657 /* 120.png */,
				D557A8831805FC6B00EC6657 /* 72.png */,
				D557A8841805FC6B00EC6657 /* 114.png */,
				D557A8851805FC6B00EC6657 /* 76.png */,
				D557A8861805FC6B00EC6657 /* 152.png */,
				D557A8871805FC6B00EC6657 /* 57.png */,
				D557A8881805FC6B00EC6657 /* 60.png */,
			);
			name = icons;
			sourceTree = "<group>";
		};
		D5FAE06C17C8956500AE6EC9 = {
			isa = PBXGroup;
			children = (
				D5FAE07E17C8956600AE6EC9 /* 360 Panorama */,
				D5FAE0A017C8956600AE6EC9 /* 360 PanoramaTests */,
				D5FAE07717C8956600AE6EC9 /* Frameworks */,
				D5FAE07617C8956600AE6EC9 /* Products */,
			);
			sourceTree = "<group>";
		};
		D5FAE07617C8956600AE6EC9 /* Products */ = {
			isa = PBXGroup;
			children = (
				D5FAE07517C8956600AE6EC9 /* 360 Panorama.app */,
				D5FAE09917C8956600AE6EC9 /* 360 PanoramaTests.xctest */,
			);
			name = Products;
			sourceTree = "<group>";
		};
		D5FAE07717C8956600AE6EC9 /* Frameworks */ = {
			isa = PBXGroup;
			children = (
				D5FAE0B617C8962500AE6EC9 /* gluLookAt.h */,
				D5FAE0B717C8962500AE6EC9 /* gluLookAt.m */,
				D5FAE0B417C895BE00AE6EC9 /* OpenGLES.framework */,
				D5FAE0B217C895B200AE6EC9 /* GLKit.framework */,
				D5FAE0B017C895AB00AE6EC9 /* CoreMotion.framework */,
				D5FAE07817C8956600AE6EC9 /* Foundation.framework */,
				D5FAE07A17C8956600AE6EC9 /* CoreGraphics.framework */,
				D5FAE07C17C8956600AE6EC9 /* UIKit.framework */,
				D5FAE09A17C8956600AE6EC9 /* XCTest.framework */,
			);
			name = Frameworks;
			sourceTree = "<group>";
		};
		D5FAE07E17C8956600AE6EC9 /* 360 Panorama */ = {
			isa = PBXGroup;
			children = (
				D5FAE08717C8956600AE6EC9 /* AppDelegate.h */,
				D5FAE08817C8956600AE6EC9 /* AppDelegate.m */,
				D5FAE08A17C8956600AE6EC9 /* Main_iPhone.storyboard */,
				D5FAE08D17C8956600AE6EC9 /* Main_iPad.storyboard */,
				D5FAE09017C8956600AE6EC9 /* ViewController.h */,
				D5FAE09117C8956600AE6EC9 /* ViewController.m */,
				D5FAE0B917C8963200AE6EC9 /* PanoramaView.h */,
				D5FAE0BA17C8963200AE6EC9 /* PanoramaView.m */,
				D5FAE0BC17C8963D00AE6EC9 /* Sphere.h */,
				D5FAE0BD17C8963D00AE6EC9 /* Sphere.m */,
				D51D4B0A17CCB23D008EC9B4 /* images */,
				D5FAE07F17C8956600AE6EC9 /* Supporting Files */,
			);
			path = "360 Panorama";
			sourceTree = "<group>";
		};
		D5FAE07F17C8956600AE6EC9 /* Supporting Files */ = {
			isa = PBXGroup;
			children = (
				D557A8911805FC6F00EC6657 /* icons */,
				D5FAE08017C8956600AE6EC9 /* 360 Panorama-Info.plist */,
				D5FAE08117C8956600AE6EC9 /* InfoPlist.strings */,
				D5FAE08417C8956600AE6EC9 /* main.m */,
				D5FAE08617C8956600AE6EC9 /* 360 Panorama-Prefix.pch */,
			);
			name = "Supporting Files";
			sourceTree = "<group>";
		};
		D5FAE0A017C8956600AE6EC9 /* 360 PanoramaTests */ = {
			isa = PBXGroup;
			children = (
				D5FAE0A617C8956600AE6EC9 /* _60_PanoramaTests.m */,
				D5FAE0A117C8956600AE6EC9 /* Supporting Files */,
			);
			path = "360 PanoramaTests";
			sourceTree = "<group>";
		};
		D5FAE0A117C8956600AE6EC9 /* Supporting Files */ = {
			isa = PBXGroup;
			children = (
				D5FAE0A217C8956600AE6EC9 /* 360 PanoramaTests-Info.plist */,
				D5FAE0A317C8956600AE6EC9 /* InfoPlist.strings */,
			);
			name = "Supporting Files";
			sourceTree = "<group>";
		};
/* End PBXGroup section */

/* Begin PBXNativeTarget section */
		D5FAE07417C8956600AE6EC9 /* 360 Panorama */ = {
			isa = PBXNativeTarget;
			buildConfigurationList = D5FAE0AA17C8956600AE6EC9 /* Build configuration list for PBXNativeTarget "360 Panorama" */;
			buildPhases = (
				D5FAE07117C8956600AE6EC9 /* Sources */,
				D5FAE07217C8956600AE6EC9 /* Frameworks */,
				D5FAE07317C8956600AE6EC9 /* Resources */,
			);
			buildRules = (
			);
			dependencies = (
			);
			name = "360 Panorama";
			productName = "360 Panorama";
			productReference = D5FAE07517C8956600AE6EC9 /* 360 Panorama.app */;
			productType = "com.apple.product-type.application";
		};
		D5FAE09817C8956600AE6EC9 /* 360 PanoramaTests */ = {
			isa = PBXNativeTarget;
			buildConfigurationList = D5FAE0AD17C8956600AE6EC9 /* Build configuration list for PBXNativeTarget "360 PanoramaTests" */;
			buildPhases = (
				D5FAE09517C8956600AE6EC9 /* Sources */,
				D5FAE09617C8956600AE6EC9 /* Frameworks */,
				D5FAE09717C8956600AE6EC9 /* Resources */,
			);
			buildRules = (
			);
			dependencies = (
				D5FAE09F17C8956600AE6EC9 /* PBXTargetDependency */,
			);
			name = "360 PanoramaTests";
			productName = "360 PanoramaTests";
			productReference = D5FAE09917C8956600AE6EC9 /* 360 PanoramaTests.xctest */;
			productType = "com.apple.product-type.bundle.unit-test";
		};
/* End PBXNativeTarget section */

/* Begin PBXProject section */
		D5FAE06D17C8956600AE6EC9 /* Project object */ = {
			isa = PBXProject;
			attributes = {
				LastUpgradeCheck = 0500;
				ORGANIZATIONNAME = "Robby Kraft";
				TargetAttributes = {
					D5FAE09817C8956600AE6EC9 = {
						TestTargetID = D5FAE07417C8956600AE6EC9;
					};
				};
			};
			buildConfigurationList = D5FAE07017C8956600AE6EC9 /* Build configuration list for PBXProject "360 Panorama" */;
			compatibilityVersion = "Xcode 3.2";
			developmentRegion = English;
			hasScannedForEncodings = 0;
			knownRegions = (
				en,
				Base,
			);
			mainGroup = D5FAE06C17C8956500AE6EC9;
			productRefGroup = D5FAE07617C8956600AE6EC9 /* Products */;
			projectDirPath = "";
			projectRoot = "";
			targets = (
				D5FAE07417C8956600AE6EC9 /* 360 Panorama */,
				D5FAE09817C8956600AE6EC9 /* 360 PanoramaTests */,
			);
		};
/* End PBXProject section */

/* Begin PBXResourcesBuildPhase section */
		D5FAE07317C8956600AE6EC9 /* Resources */ = {
			isa = PBXResourcesBuildPhase;
			buildActionMask = 2147483647;
			files = (
				D557A88F1805FC6B00EC6657 /* 57.png in Resources */,
				D557A88C1805FC6B00EC6657 /* 114.png in Resources */,
				D557A88D1805FC6B00EC6657 /* 76.png in Resources */,
				D557A8901805FC6B00EC6657 /* 60.png in Resources */,
				D557A88B1805FC6B00EC6657 /* 72.png in Resources */,
				D5FAE08F17C8956600AE6EC9 /* Main_iPad.storyboard in Resources */,
				D5FAE0CA17C8970200AE6EC9 /* park_4096.jpg in Resources */,
				D557A88E1805FC6B00EC6657 /* 152.png in Resources */,
				D557A87E1805D48300EC6657 /* park_2048.png in Resources */,
				D557A8891805FC6B00EC6657 /* 144.png in Resources */,
				D557A88A1805FC6B00EC6657 /* 120.png in Resources */,
				D5FAE08C17C8956600AE6EC9 /* Main_iPhone.storyboard in Resources */,
				D5FAE08317C8956600AE6EC9 /* InfoPlist.strings in Resources */,
			);
			runOnlyForDeploymentPostprocessing = 0;
		};
		D5FAE09717C8956600AE6EC9 /* Resources */ = {
			isa = PBXResourcesBuildPhase;
			buildActionMask = 2147483647;
			files = (
				D5FAE0A517C8956600AE6EC9 /* InfoPlist.strings in Resources */,
			);
			runOnlyForDeploymentPostprocessing = 0;
		};
/* End PBXResourcesBuildPhase section */

/* Begin PBXSourcesBuildPhase section */
		D5FAE07117C8956600AE6EC9 /* Sources */ = {
			isa = PBXSourcesBuildPhase;
			buildActionMask = 2147483647;
			files = (
				D5FAE0BE17C8963D00AE6EC9 /* Sphere.m in Sources */,
				D5FAE0B817C8962500AE6EC9 /* gluLookAt.m in Sources */,
				D5FAE09217C8956600AE6EC9 /* ViewController.m in Sources */,
				D5FAE08917C8956600AE6EC9 /* AppDelegate.m in Sources */,
				D5FAE0BB17C8963200AE6EC9 /* PanoramaView.m in Sources */,
				D5FAE08517C8956600AE6EC9 /* main.m in Sources */,
			);
			runOnlyForDeploymentPostprocessing = 0;
		};
		D5FAE09517C8956600AE6EC9 /* Sources */ = {
			isa = PBXSourcesBuildPhase;
			buildActionMask = 2147483647;
			files = (
				D5FAE0A717C8956600AE6EC9 /* _60_PanoramaTests.m in Sources */,
			);
			runOnlyForDeploymentPostprocessing = 0;
		};
/* End PBXSourcesBuildPhase section */

/* Begin PBXTargetDependency section */
		D5FAE09F17C8956600AE6EC9 /* PBXTargetDependency */ = {
			isa = PBXTargetDependency;
			target = D5FAE07417C8956600AE6EC9 /* 360 Panorama */;
			targetProxy = D5FAE09E17C8956600AE6EC9 /* PBXContainerItemProxy */;
		};
/* End PBXTargetDependency section */

/* Begin PBXVariantGroup section */
		D5FAE08117C8956600AE6EC9 /* InfoPlist.strings */ = {
			isa = PBXVariantGroup;
			children = (
				D5FAE08217C8956600AE6EC9 /* en */,
			);
			name = InfoPlist.strings;
			sourceTree = "<group>";
		};
		D5FAE08A17C8956600AE6EC9 /* Main_iPhone.storyboard */ = {
			isa = PBXVariantGroup;
			children = (
				D5FAE08B17C8956600AE6EC9 /* Base */,
			);
			name = Main_iPhone.storyboard;
			sourceTree = "<group>";
		};
		D5FAE08D17C8956600AE6EC9 /* Main_iPad.storyboard */ = {
			isa = PBXVariantGroup;
			children = (
				D5FAE08E17C8956600AE6EC9 /* Base */,
			);
			name = Main_iPad.storyboard;
			sourceTree = "<group>";
		};
		D5FAE0A317C8956600AE6EC9 /* InfoPlist.strings */ = {
			isa = PBXVariantGroup;
			children = (
				D5FAE0A417C8956600AE6EC9 /* en */,
			);
			name = InfoPlist.strings;
			sourceTree = "<group>";
		};
/* End PBXVariantGroup section */

/* Begin XCBuildConfiguration section */
		D5FAE0A817C8956600AE6EC9 /* Debug */ = {
			isa = XCBuildConfiguration;
			buildSettings = {
				ALWAYS_SEARCH_USER_PATHS = NO;
				CLANG_CXX_LANGUAGE_STANDARD = "gnu++0x";
				CLANG_CXX_LIBRARY = "libc++";
				CLANG_ENABLE_MODULES = YES;
				CLANG_ENABLE_OBJC_ARC = YES;
				CLANG_WARN_BOOL_CONVERSION = YES;
				CLANG_WARN_CONSTANT_CONVERSION = YES;
				CLANG_WARN_DIRECT_OBJC_ISA_USAGE = YES_ERROR;
				CLANG_WARN_EMPTY_BODY = YES;
				CLANG_WARN_ENUM_CONVERSION = YES;
				CLANG_WARN_INT_CONVERSION = YES;
				CLANG_WARN_OBJC_ROOT_CLASS = YES_ERROR;
				CLANG_WARN__DUPLICATE_METHOD_MATCH = YES;
				"CODE_SIGN_IDENTITY[sdk=iphoneos*]" = "iPhone Developer";
				COPY_PHASE_STRIP = NO;
				GCC_C_LANGUAGE_STANDARD = gnu99;
				GCC_DYNAMIC_NO_PIC = NO;
				GCC_OPTIMIZATION_LEVEL = 0;
				GCC_PREPROCESSOR_DEFINITIONS = (
					"DEBUG=1",
					"$(inherited)",
				);
				GCC_SYMBOLS_PRIVATE_EXTERN = NO;
				GCC_WARN_ABOUT_RETURN_TYPE = YES_ERROR;
				GCC_WARN_UNDECLARED_SELECTOR = YES;
				GCC_WARN_UNINITIALIZED_AUTOS = YES;
				GCC_WARN_UNUSED_FUNCTION = YES;
				GCC_WARN_UNUSED_VARIABLE = YES;
				IPHONEOS_DEPLOYMENT_TARGET = 7.0;
				ONLY_ACTIVE_ARCH = YES;
				SDKROOT = iphoneos;
				TARGETED_DEVICE_FAMILY = "1,2";
			};
			name = Debug;
		};
		D5FAE0A917C8956600AE6EC9 /* Release */ = {
			isa = XCBuildConfiguration;
			buildSettings = {
				ALWAYS_SEARCH_USER_PATHS = NO;
				CLANG_CXX_LANGUAGE_STANDARD = "gnu++0x";
				CLANG_CXX_LIBRARY = "libc++";
				CLANG_ENABLE_MODULES = YES;
				CLANG_ENABLE_OBJC_ARC = YES;
				CLANG_WARN_BOOL_CONVERSION = YES;
				CLANG_WARN_CONSTANT_CONVERSION = YES;
				CLANG_WARN_DIRECT_OBJC_ISA_USAGE = YES_ERROR;
				CLANG_WARN_EMPTY_BODY = YES;
				CLANG_WARN_ENUM_CONVERSION = YES;
				CLANG_WARN_INT_CONVERSION = YES;
				CLANG_WARN_OBJC_ROOT_CLASS = YES_ERROR;
				CLANG_WARN__DUPLICATE_METHOD_MATCH = YES;
				"CODE_SIGN_IDENTITY[sdk=iphoneos*]" = "iPhone Developer";
				COPY_PHASE_STRIP = YES;
				ENABLE_NS_ASSERTIONS = NO;
				GCC_C_LANGUAGE_STANDARD = gnu99;
				GCC_WARN_ABOUT_RETURN_TYPE = YES_ERROR;
				GCC_WARN_UNDECLARED_SELECTOR = YES;
				GCC_WARN_UNINITIALIZED_AUTOS = YES;
				GCC_WARN_UNUSED_FUNCTION = YES;
				GCC_WARN_UNUSED_VARIABLE = YES;
				IPHONEOS_DEPLOYMENT_TARGET = 7.0;
				SDKROOT = iphoneos;
				TARGETED_DEVICE_FAMILY = "1,2";
				VALIDATE_PRODUCT = YES;
			};
			name = Release;
		};
		D5FAE0AB17C8956600AE6EC9 /* Debug */ = {
			isa = XCBuildConfiguration;
			buildSettings = {
				ASSETCATALOG_COMPILER_LAUNCHIMAGE_NAME = LaunchImage;
				GCC_PRECOMPILE_PREFIX_HEADER = YES;
				GCC_PREFIX_HEADER = "360 Panorama/360 Panorama-Prefix.pch";
				INFOPLIST_FILE = "360 Panorama/360 Panorama-Info.plist";
				IPHONEOS_DEPLOYMENT_TARGET = 6.0;
				PRODUCT_NAME = "$(TARGET_NAME)";
				WRAPPER_EXTENSION = app;
			};
			name = Debug;
		};
		D5FAE0AC17C8956600AE6EC9 /* Release */ = {
			isa = XCBuildConfiguration;
			buildSettings = {
				ASSETCATALOG_COMPILER_LAUNCHIMAGE_NAME = LaunchImage;
				GCC_PRECOMPILE_PREFIX_HEADER = YES;
				GCC_PREFIX_HEADER = "360 Panorama/360 Panorama-Prefix.pch";
				INFOPLIST_FILE = "360 Panorama/360 Panorama-Info.plist";
				IPHONEOS_DEPLOYMENT_TARGET = 6.0;
				PRODUCT_NAME = "$(TARGET_NAME)";
				WRAPPER_EXTENSION = app;
			};
			name = Release;
		};
		D5FAE0AE17C8956600AE6EC9 /* Debug */ = {
			isa = XCBuildConfiguration;
			buildSettings = {
				BUNDLE_LOADER = "$(BUILT_PRODUCTS_DIR)/360 Panorama.app/360 Panorama";
				FRAMEWORK_SEARCH_PATHS = (
					"$(SDKROOT)/Developer/Library/Frameworks",
					"$(inherited)",
					"$(DEVELOPER_FRAMEWORKS_DIR)",
				);
				GCC_PRECOMPILE_PREFIX_HEADER = YES;
				GCC_PREFIX_HEADER = "360 Panorama/360 Panorama-Prefix.pch";
				GCC_PREPROCESSOR_DEFINITIONS = (
					"DEBUG=1",
					"$(inherited)",
				);
				INFOPLIST_FILE = "360 PanoramaTests/360 PanoramaTests-Info.plist";
				PRODUCT_NAME = "$(TARGET_NAME)";
				TEST_HOST = "$(BUNDLE_LOADER)";
				WRAPPER_EXTENSION = xctest;
			};
			name = Debug;
		};
		D5FAE0AF17C8956600AE6EC9 /* Release */ = {
			isa = XCBuildConfiguration;
			buildSettings = {
				BUNDLE_LOADER = "$(BUILT_PRODUCTS_DIR)/360 Panorama.app/360 Panorama";
				FRAMEWORK_SEARCH_PATHS = (
					"$(SDKROOT)/Developer/Library/Frameworks",
					"$(inherited)",
					"$(DEVELOPER_FRAMEWORKS_DIR)",
				);
				GCC_PRECOMPILE_PREFIX_HEADER = YES;
				GCC_PREFIX_HEADER = "360 Panorama/360 Panorama-Prefix.pch";
				INFOPLIST_FILE = "360 PanoramaTests/360 PanoramaTests-Info.plist";
				PRODUCT_NAME = "$(TARGET_NAME)";
				TEST_HOST = "$(BUNDLE_LOADER)";
				WRAPPER_EXTENSION = xctest;
			};
			name = Release;
		};
/* End XCBuildConfiguration section */

/* Begin XCConfigurationList section */
		D5FAE07017C8956600AE6EC9 /* Build configuration list for PBXProject "360 Panorama" */ = {
			isa = XCConfigurationList;
			buildConfigurations = (
				D5FAE0A817C8956600AE6EC9 /* Debug */,
				D5FAE0A917C8956600AE6EC9 /* Release */,
			);
			defaultConfigurationIsVisible = 0;
			defaultConfigurationName = Release;
		};
		D5FAE0AA17C8956600AE6EC9 /* Build configuration list for PBXNativeTarget "360 Panorama" */ = {
			isa = XCConfigurationList;
			buildConfigurations = (
				D5FAE0AB17C8956600AE6EC9 /* Debug */,
				D5FAE0AC17C8956600AE6EC9 /* Release */,
			);
			defaultConfigurationIsVisible = 0;
			defaultConfigurationName = Release;
		};
		D5FAE0AD17C8956600AE6EC9 /* Build configuration list for PBXNativeTarget "360 PanoramaTests" */ = {
			isa = XCConfigurationList;
			buildConfigurations = (
				D5FAE0AE17C8956600AE6EC9 /* Debug */,
				D5FAE0AF17C8956600AE6EC9 /* Release */,
			);
			defaultConfigurationIsVisible = 0;
			defaultConfigurationName = Release;
		};
/* End XCConfigurationList section */
	};
	rootObject = D5FAE06D17C8956600AE6EC9 /* Project object */;
}
